dependencies:
- name: ui
  repository: file://../ui
  version: 1.0.0
- name: post
  repository: file://../post
  version: 1.0.0
- name: comment
  repository: file://../comment
  version: 1.0.0
- name: mongodb
  repository: https://kubernetes-charts.storage.googleapis.com
  version: 0.4.18
digest: sha256:0d999ced13387736a3567b210b2eed4acd4409a39023d4f68c1dc7095231f1d5
generated: "2019-09-15T17:54:11.058161+03:00"
